
Microsoft Visual Studio Solution File, Format Version 12.00
# Visual Studio 15
Project("{FAE04EC0-301F-11D3-BF4B-00C04F79EFBC}") = "Agora_Unity_WebGL", "Agora_Unity_WebGL.csproj", "{44AF5A71-7284-4C35-BCA1-0EF7AEDF0970}"
EndProject
Global
	GlobalSection(SolutionConfigurationPlatforms) = preSolution
		Debug|Any CPU = Debug|Any CPU
		Release|Any CPU = Release|Any CPU
	EndGlobalSection
	GlobalSection(ProjectConfigurationPlatforms) = postSolution
		{44AF5A71-7284-4C35-BCA1-0EF7AEDF0970}.Debug|Any CPU.ActiveCfg = Debug|Any CPU
		{44AF5A71-7284-4C35-BCA1-0EF7AEDF0970}.Debug|Any CPU.Build.0 = Debug|Any CPU
		{44AF5A71-7284-4C35-BCA1-0EF7AEDF0970}.Release|Any CPU.ActiveCfg = Release|Any CPU
		{44AF5A71-7284-4C35-BCA1-0EF7AEDF0970}.Release|Any CPU.Build.0 = Release|Any CPU
	EndGlobalSection
	GlobalSection(SolutionProperties) = preSolution
		HideSolutionNode = FALSE
	EndGlobalSection
EndGlobal
